
Microsoft Visual Studio Solution File, Format Version 12.00
# Visual Studio Version 16
VisualStudioVersion = 16.0.31515.178
MinimumVisualStudioVersion = 10.0.40219.1
Project("{FAE04EC0-301F-11D3-BF4B-00C04F79EFBC}") = "ColorSwap", "ColorSwap\ColorSwap.csproj", "{383118F9-AA84-4750-B63C-F6A0EF216A61}"
EndProject
Project("{FAE04EC0-301F-11D3-BF4B-00C04F79EFBC}") = "FirstPerson", "FirstPerson\FirstPerson.csproj", "{7862E9AC-BB0B-48FD-AADC-BC398F70F6E6}"
EndProject
Project("{FAE04EC0-301F-11D3-BF4B-00C04F79EFBC}") = "FreeCamera", "FreeCamera\FreeCamera.csproj", "{8250B740-89F3-4AC8-AD31-1468EB015C79}"
EndProject
Project("{FAE04EC0-301F-11D3-BF4B-00C04F79EFBC}") = "ForceEnglishText", "ForceEnglishText\ForceEnglishText.csproj", "{A79FAE64-81BA-44BC-AE8E-ADA85CF88BE1}"
EndProject
Global
	GlobalSection(SolutionConfigurationPlatforms) = preSolution
		Debug|Any CPU = Debug|Any CPU
		Release|Any CPU = Release|Any CPU
	EndGlobalSection
	GlobalSection(ProjectConfigurationPlatforms) = postSolution
		{383118F9-AA84-4750-B63C-F6A0EF216A61}.Debug|Any CPU.ActiveCfg = Release|Any CPU
		{383118F9-AA84-4750-B63C-F6A0EF216A61}.Debug|Any CPU.Build.0 = Release|Any CPU
		{383118F9-AA84-4750-B63C-F6A0EF216A61}.Release|Any CPU.ActiveCfg = Release|Any CPU
		{383118F9-AA84-4750-B63C-F6A0EF216A61}.Release|Any CPU.Build.0 = Release|Any CPU
		{7862E9AC-BB0B-48FD-AADC-BC398F70F6E6}.Debug|Any CPU.ActiveCfg = Release|Any CPU
		{7862E9AC-BB0B-48FD-AADC-BC398F70F6E6}.Debug|Any CPU.Build.0 = Release|Any CPU
		{7862E9AC-BB0B-48FD-AADC-BC398F70F6E6}.Release|Any CPU.ActiveCfg = Release|Any CPU
		{7862E9AC-BB0B-48FD-AADC-BC398F70F6E6}.Release|Any CPU.Build.0 = Release|Any CPU
		{8250B740-89F3-4AC8-AD31-1468EB015C79}.Debug|Any CPU.ActiveCfg = Release|Any CPU
		{8250B740-89F3-4AC8-AD31-1468EB015C79}.Debug|Any CPU.Build.0 = Release|Any CPU
		{8250B740-89F3-4AC8-AD31-1468EB015C79}.Release|Any CPU.ActiveCfg = Release|Any CPU
		{8250B740-89F3-4AC8-AD31-1468EB015C79}.Release|Any CPU.Build.0 = Release|Any CPU
		{A79FAE64-81BA-44BC-AE8E-ADA85CF88BE1}.Debug|Any CPU.ActiveCfg = Release|Any CPU
		{A79FAE64-81BA-44BC-AE8E-ADA85CF88BE1}.Debug|Any CPU.Build.0 = Release|Any CPU
		{A79FAE64-81BA-44BC-AE8E-ADA85CF88BE1}.Release|Any CPU.ActiveCfg = Release|Any CPU
		{A79FAE64-81BA-44BC-AE8E-ADA85CF88BE1}.Release|Any CPU.Build.0 = Release|Any CPU
	EndGlobalSection
	GlobalSection(SolutionProperties) = preSolution
		HideSolutionNode = FALSE
	EndGlobalSection
	GlobalSection(ExtensibilityGlobals) = postSolution
		SolutionGuid = {A24BFA1C-0D79-43DE-8FD0-9B174BC551EA}
	EndGlobalSection
EndGlobal
